
Microsoft Visual Studio Solution File, Format Version 12.00
# Visual Studio 15
Project("{FAE04EC0-301F-11D3-BF4B-00C04F79EFBC}") = "Assembly-CSharp", "Assembly-CSharp.csproj", "{5303E285-CDC0-4054-A29C-86B45D9ADA3B}"
EndProject
Project("{FAE04EC0-301F-11D3-BF4B-00C04F79EFBC}") = "Unity.XR.Interaction.Toolkit.Samples.StarterAssets", "Unity.XR.Interaction.Toolkit.Samples.StarterAssets.csproj", "{E49F30C1-0E97-9EF7-66FE-291ECC8B7EC7}"
EndProject
Project("{FAE04EC0-301F-11D3-BF4B-00C04F79EFBC}") = "Unity.XR.Interaction.Toolkit.Samples.DeviceSimulator", "Unity.XR.Interaction.Toolkit.Samples.DeviceSimulator.csproj", "{ABE9C28A-5EB6-FE43-4275-C4130BCACA3B}"
EndProject
Project("{FAE04EC0-301F-11D3-BF4B-00C04F79EFBC}") = "Unity.XR.Interaction.Toolkit.Samples.StarterAssets.Editor", "Unity.XR.Interaction.Toolkit.Samples.StarterAssets.Editor.csproj", "{3A2905AF-EF06-59BE-243A-C1F001542D78}"
EndProject
Global
	GlobalSection(SolutionConfigurationPlatforms) = preSolution
		Debug|Any CPU = Debug|Any CPU
		Release|Any CPU = Release|Any CPU
	EndGlobalSection
	GlobalSection(ProjectConfigurationPlatforms) = postSolution
		{5303E285-CDC0-4054-A29C-86B45D9ADA3B}.Debug|Any CPU.ActiveCfg = Debug|Any CPU
		{5303E285-CDC0-4054-A29C-86B45D9ADA3B}.Debug|Any CPU.Build.0 = Debug|Any CPU
		{5303E285-CDC0-4054-A29C-86B45D9ADA3B}.Release|Any CPU.ActiveCfg = Release|Any CPU
		{5303E285-CDC0-4054-A29C-86B45D9ADA3B}.Release|Any CPU.Build.0 = Release|Any CPU
		{E49F30C1-0E97-9EF7-66FE-291ECC8B7EC7}.Debug|Any CPU.ActiveCfg = Debug|Any CPU
		{E49F30C1-0E97-9EF7-66FE-291ECC8B7EC7}.Debug|Any CPU.Build.0 = Debug|Any CPU
		{E49F30C1-0E97-9EF7-66FE-291ECC8B7EC7}.Release|Any CPU.ActiveCfg = Release|Any CPU
		{E49F30C1-0E97-9EF7-66FE-291ECC8B7EC7}.Release|Any CPU.Build.0 = Release|Any CPU
		{ABE9C28A-5EB6-FE43-4275-C4130BCACA3B}.Debug|Any CPU.ActiveCfg = Debug|Any CPU
		{ABE9C28A-5EB6-FE43-4275-C4130BCACA3B}.Debug|Any CPU.Build.0 = Debug|Any CPU
		{ABE9C28A-5EB6-FE43-4275-C4130BCACA3B}.Release|Any CPU.ActiveCfg = Release|Any CPU
		{ABE9C28A-5EB6-FE43-4275-C4130BCACA3B}.Release|Any CPU.Build.0 = Release|Any CPU
		{3A2905AF-EF06-59BE-243A-C1F001542D78}.Debug|Any CPU.ActiveCfg = Debug|Any CPU
		{3A2905AF-EF06-59BE-243A-C1F001542D78}.Debug|Any CPU.Build.0 = Debug|Any CPU
		{3A2905AF-EF06-59BE-243A-C1F001542D78}.Release|Any CPU.ActiveCfg = Release|Any CPU
		{3A2905AF-EF06-59BE-243A-C1F001542D78}.Release|Any CPU.Build.0 = Release|Any CPU
	EndGlobalSection
	GlobalSection(SolutionProperties) = preSolution
		HideSolutionNode = FALSE
	EndGlobalSection
EndGlobal
